
Microsoft Visual Studio Solution File, Format Version 12.00
# Visual Studio Version 16
VisualStudioVersion = 16.0.32602.291
MinimumVisualStudioVersion = 10.0.40219.1
Project("{9A19103F-16F7-4668-BE54-9A1E7A4F7556}") = "ParkApi_11", "ParkApi_11\ParkApi_11.csproj", "{8A246D5F-13AC-4FA1-B3D0-997F47B41DDB}"
EndProject
Project("{FAE04EC0-301F-11D3-BF4B-00C04F79EFBC}") = "ParkWeb_11", "ParkWeb_11\ParkWeb_11.csproj", "{68F26738-8C68-495D-BD17-DCF999A9F118}"
EndProject
Global
	GlobalSection(SolutionConfigurationPlatforms) = preSolution
		Debug|Any CPU = Debug|Any CPU
		Release|Any CPU = Release|Any CPU
	EndGlobalSection
	GlobalSection(ProjectConfigurationPlatforms) = postSolution
		{8A246D5F-13AC-4FA1-B3D0-997F47B41DDB}.Debug|Any CPU.ActiveCfg = Debug|Any CPU
		{8A246D5F-13AC-4FA1-B3D0-997F47B41DDB}.Debug|Any CPU.Build.0 = Debug|Any CPU
		{8A246D5F-13AC-4FA1-B3D0-997F47B41DDB}.Release|Any CPU.ActiveCfg = Release|Any CPU
		{8A246D5F-13AC-4FA1-B3D0-997F47B41DDB}.Release|Any CPU.Build.0 = Release|Any CPU
		{68F26738-8C68-495D-BD17-DCF999A9F118}.Debug|Any CPU.ActiveCfg = Debug|Any CPU
		{68F26738-8C68-495D-BD17-DCF999A9F118}.Debug|Any CPU.Build.0 = Debug|Any CPU
		{68F26738-8C68-495D-BD17-DCF999A9F118}.Release|Any CPU.ActiveCfg = Release|Any CPU
		{68F26738-8C68-495D-BD17-DCF999A9F118}.Release|Any CPU.Build.0 = Release|Any CPU
	EndGlobalSection
	GlobalSection(SolutionProperties) = preSolution
		HideSolutionNode = FALSE
	EndGlobalSection
	GlobalSection(ExtensibilityGlobals) = postSolution
		SolutionGuid = {41797B74-4AA4-463F-BDDE-04296D8466F6}
	EndGlobalSection
EndGlobal
